
Microsoft Visual Studio Solution File, Format Version 12.00
# Visual Studio Version 17
VisualStudioVersion = 17.11.35208.52
MinimumVisualStudioVersion = 10.0.40219.1
Project("{FAE04EC0-301F-11D3-BF4B-00C04F79EFBC}") = "sistemaMIJBPWeb", "sistemaMIJBPWeb\sistemaMIJBPWeb.csproj", "{A0328B58-1001-4CE7-AEDD-565B93EABCE3}"
EndProject
Project("{FAE04EC0-301F-11D3-BF4B-00C04F79EFBC}") = "CapaDominio", "CapaDominio\CapaDominio.csproj", "{A293FAF3-6023-4DD8-B5EE-469B9983B403}"
EndProject
Project("{FAE04EC0-301F-11D3-BF4B-00C04F79EFBC}") = "CapaInfraestructura", "CapaInfraestructura\CapaInfraestructura.csproj", "{1F5BBF45-9872-4D0C-9A06-7E941CE8D3DB}"
EndProject
Global
	GlobalSection(SolutionConfigurationPlatforms) = preSolution
		Debug|Any CPU = Debug|Any CPU
		Release|Any CPU = Release|Any CPU
	EndGlobalSection
	GlobalSection(ProjectConfigurationPlatforms) = postSolution
		{A0328B58-1001-4CE7-AEDD-565B93EABCE3}.Debug|Any CPU.ActiveCfg = Debug|Any CPU
		{A0328B58-1001-4CE7-AEDD-565B93EABCE3}.Debug|Any CPU.Build.0 = Debug|Any CPU
		{A0328B58-1001-4CE7-AEDD-565B93EABCE3}.Release|Any CPU.ActiveCfg = Release|Any CPU
		{A0328B58-1001-4CE7-AEDD-565B93EABCE3}.Release|Any CPU.Build.0 = Release|Any CPU
		{A293FAF3-6023-4DD8-B5EE-469B9983B403}.Debug|Any CPU.ActiveCfg = Debug|Any CPU
		{A293FAF3-6023-4DD8-B5EE-469B9983B403}.Debug|Any CPU.Build.0 = Debug|Any CPU
		{A293FAF3-6023-4DD8-B5EE-469B9983B403}.Release|Any CPU.ActiveCfg = Release|Any CPU
		{A293FAF3-6023-4DD8-B5EE-469B9983B403}.Release|Any CPU.Build.0 = Release|Any CPU
		{1F5BBF45-9872-4D0C-9A06-7E941CE8D3DB}.Debug|Any CPU.ActiveCfg = Debug|Any CPU
		{1F5BBF45-9872-4D0C-9A06-7E941CE8D3DB}.Debug|Any CPU.Build.0 = Debug|Any CPU
		{1F5BBF45-9872-4D0C-9A06-7E941CE8D3DB}.Release|Any CPU.ActiveCfg = Release|Any CPU
		{1F5BBF45-9872-4D0C-9A06-7E941CE8D3DB}.Release|Any CPU.Build.0 = Release|Any CPU
	EndGlobalSection
	GlobalSection(SolutionProperties) = preSolution
		HideSolutionNode = FALSE
	EndGlobalSection
	GlobalSection(ExtensibilityGlobals) = postSolution
		SolutionGuid = {310D878A-8FA7-4711-B8C3-B7EC05C8B471}
	EndGlobalSection
EndGlobal
